
Microsoft Visual Studio Solution File, Format Version 12.00
# Visual Studio Version 17
VisualStudioVersion = 17.8.34601.278
MinimumVisualStudioVersion = 10.0.40219.1
Project("{FAE04EC0-301F-11D3-BF4B-00C04F79EFBC}") = "BE-W05L01", "BE-W05L01\BE-W05L01.csproj", "{66CE7E22-11A3-433E-8D87-848748E5E62F}"
EndProject
Global
	GlobalSection(SolutionConfigurationPlatforms) = preSolution
		Debug|Any CPU = Debug|Any CPU
		Release|Any CPU = Release|Any CPU
	EndGlobalSection
	GlobalSection(ProjectConfigurationPlatforms) = postSolution
		{66CE7E22-11A3-433E-8D87-848748E5E62F}.Debug|Any CPU.ActiveCfg = Debug|Any CPU
		{66CE7E22-11A3-433E-8D87-848748E5E62F}.Debug|Any CPU.Build.0 = Debug|Any CPU
		{66CE7E22-11A3-433E-8D87-848748E5E62F}.Release|Any CPU.ActiveCfg = Release|Any CPU
		{66CE7E22-11A3-433E-8D87-848748E5E62F}.Release|Any CPU.Build.0 = Release|Any CPU
	EndGlobalSection
	GlobalSection(SolutionProperties) = preSolution
		HideSolutionNode = FALSE
	EndGlobalSection
	GlobalSection(ExtensibilityGlobals) = postSolution
		SolutionGuid = {8E7192FA-7439-4189-B09A-BDE78EA72F3C}
	EndGlobalSection
EndGlobal
